
Microsoft Visual Studio Solution File, Format Version 12.00
# Visual Studio Version 16
VisualStudioVersion = 16.0.31205.134
MinimumVisualStudioVersion = 10.0.40219.1
Project("{FAE04EC0-301F-11D3-BF4B-00C04F79EFBC}") = "WebApiServer", "WebApiServer\WebApiServer.csproj", "{19168A5F-EE93-402D-9912-AD834E91191C}"
EndProject
Global
	GlobalSection(SolutionConfigurationPlatforms) = preSolution
		Debug|Any CPU = Debug|Any CPU
		Release|Any CPU = Release|Any CPU
	EndGlobalSection
	GlobalSection(ProjectConfigurationPlatforms) = postSolution
		{19168A5F-EE93-402D-9912-AD834E91191C}.Debug|Any CPU.ActiveCfg = Debug|Any CPU
		{19168A5F-EE93-402D-9912-AD834E91191C}.Debug|Any CPU.Build.0 = Debug|Any CPU
		{19168A5F-EE93-402D-9912-AD834E91191C}.Release|Any CPU.ActiveCfg = Release|Any CPU
		{19168A5F-EE93-402D-9912-AD834E91191C}.Release|Any CPU.Build.0 = Release|Any CPU
	EndGlobalSection
	GlobalSection(SolutionProperties) = preSolution
		HideSolutionNode = FALSE
	EndGlobalSection
	GlobalSection(ExtensibilityGlobals) = postSolution
		SolutionGuid = {C349E0B3-8065-45F2-91D3-63E06CD8DE3B}
	EndGlobalSection
EndGlobal
